
Microsoft Visual Studio Solution File, Format Version 12.00
# Visual Studio Version 17
VisualStudioVersion = 17.9.34622.214
MinimumVisualStudioVersion = 10.0.40219.1
Project("{9A19103F-16F7-4668-BE54-9A1E7A4F7556}") = "DogsProjectNew", "DogsProjectNew\DogsProjectNew.csproj", "{87E91E05-3D8F-4E36-B0D4-25391429225E}"
EndProject
Project("{FAE04EC0-301F-11D3-BF4B-00C04F79EFBC}") = "DogsApp.Infrastructure", "DogsApp.Infrastructure\DogsApp.Infrastructure.csproj", "{CB9258C1-C438-41B6-9E49-D6BFF88C016C}"
EndProject
Global
	GlobalSection(SolutionConfigurationPlatforms) = preSolution
		Debug|Any CPU = Debug|Any CPU
		Release|Any CPU = Release|Any CPU
	EndGlobalSection
	GlobalSection(ProjectConfigurationPlatforms) = postSolution
		{87E91E05-3D8F-4E36-B0D4-25391429225E}.Debug|Any CPU.ActiveCfg = Debug|Any CPU
		{87E91E05-3D8F-4E36-B0D4-25391429225E}.Debug|Any CPU.Build.0 = Debug|Any CPU
		{87E91E05-3D8F-4E36-B0D4-25391429225E}.Release|Any CPU.ActiveCfg = Release|Any CPU
		{87E91E05-3D8F-4E36-B0D4-25391429225E}.Release|Any CPU.Build.0 = Release|Any CPU
		{CB9258C1-C438-41B6-9E49-D6BFF88C016C}.Debug|Any CPU.ActiveCfg = Debug|Any CPU
		{CB9258C1-C438-41B6-9E49-D6BFF88C016C}.Debug|Any CPU.Build.0 = Debug|Any CPU
		{CB9258C1-C438-41B6-9E49-D6BFF88C016C}.Release|Any CPU.ActiveCfg = Release|Any CPU
		{CB9258C1-C438-41B6-9E49-D6BFF88C016C}.Release|Any CPU.Build.0 = Release|Any CPU
	EndGlobalSection
	GlobalSection(SolutionProperties) = preSolution
		HideSolutionNode = FALSE
	EndGlobalSection
	GlobalSection(ExtensibilityGlobals) = postSolution
		SolutionGuid = {E48C7F06-EA62-4B36-B9C5-A45FA29D5A94}
	EndGlobalSection
EndGlobal
